
Microsoft Visual Studio Solution File, Format Version 12.00
# Visual Studio Version 17
VisualStudioVersion = 17.8.34309.116
MinimumVisualStudioVersion = 10.0.40219.1
Project("{9A19103F-16F7-4668-BE54-9A1E7A4F7556}") = "Snake", "Snake.csproj", "{05266B59-DEAD-44C6-A10D-66E21BFC3A54}"
EndProject
Global
	GlobalSection(SolutionConfigurationPlatforms) = preSolution
		Debug|Any CPU = Debug|Any CPU
		Release|Any CPU = Release|Any CPU
	EndGlobalSection
	GlobalSection(ProjectConfigurationPlatforms) = postSolution
		{05266B59-DEAD-44C6-A10D-66E21BFC3A54}.Debug|Any CPU.ActiveCfg = Debug|Any CPU
		{05266B59-DEAD-44C6-A10D-66E21BFC3A54}.Debug|Any CPU.Build.0 = Debug|Any CPU
		{05266B59-DEAD-44C6-A10D-66E21BFC3A54}.Release|Any CPU.ActiveCfg = Release|Any CPU
		{05266B59-DEAD-44C6-A10D-66E21BFC3A54}.Release|Any CPU.Build.0 = Release|Any CPU
	EndGlobalSection
	GlobalSection(SolutionProperties) = preSolution
		HideSolutionNode = FALSE
	EndGlobalSection
	GlobalSection(ExtensibilityGlobals) = postSolution
		SolutionGuid = {752EE304-93B2-4965-912F-294E3033D367}
	EndGlobalSection
EndGlobal
